
Microsoft Visual Studio Solution File, Format Version 12.00
# Visual Studio Version 17
VisualStudioVersion = 17.5.002.0
MinimumVisualStudioVersion = 10.0.40219.1
Project("{9A19103F-16F7-4668-BE54-9A1E7A4F7556}") = "fish-server", "fish-server.csproj", "{97EABB96-1C54-44F4-AF1F-31C79FFE474E}"
EndProject
Global
	GlobalSection(SolutionConfigurationPlatforms) = preSolution
		Debug|Any CPU = Debug|Any CPU
		Release|Any CPU = Release|Any CPU
	EndGlobalSection
	GlobalSection(ProjectConfigurationPlatforms) = postSolution
		{97EABB96-1C54-44F4-AF1F-31C79FFE474E}.Debug|Any CPU.ActiveCfg = Debug|Any CPU
		{97EABB96-1C54-44F4-AF1F-31C79FFE474E}.Debug|Any CPU.Build.0 = Debug|Any CPU
		{97EABB96-1C54-44F4-AF1F-31C79FFE474E}.Release|Any CPU.ActiveCfg = Release|Any CPU
		{97EABB96-1C54-44F4-AF1F-31C79FFE474E}.Release|Any CPU.Build.0 = Release|Any CPU
	EndGlobalSection
	GlobalSection(SolutionProperties) = preSolution
		HideSolutionNode = FALSE
	EndGlobalSection
	GlobalSection(ExtensibilityGlobals) = postSolution
		SolutionGuid = {C053E298-4D39-482E-82B7-C3CCCE309FCA}
	EndGlobalSection
EndGlobal
