
Microsoft Visual Studio Solution File, Format Version 12.00
# Visual Studio Version 17
VisualStudioVersion = 17.5.002.0
MinimumVisualStudioVersion = 10.0.40219.1
Project("{FAE04EC0-301F-11D3-BF4B-00C04F79EFBC}") = "luxelot", "core\luxelot.csproj", "{92BF8A87-6899-4C02-93E0-55FB65AEEC47}"
EndProject
Project("{FAE04EC0-301F-11D3-BF4B-00C04F79EFBC}") = "Luxelot.Apps.Common", "Luxelot.Apps.Common\Luxelot.Apps.Common.csproj", "{57A5E8BB-C1F4-4C22-8CB6-6B3642C90453}"
EndProject
Project("{2150E333-8FDC-42A3-9474-1A3956D46DE8}") = "apps", "apps", "{936A2D51-C47A-48DD-A88D-E5EF9C0E102E}"
EndProject
Project("{FAE04EC0-301F-11D3-BF4B-00C04F79EFBC}") = "Luxelot.Apps.PingApp", "apps\Luxelot.Apps.PingApp\Luxelot.Apps.PingApp.csproj", "{C75DDCC6-13F8-443C-A916-3E5EE5AB0793}"
EndProject
Project("{FAE04EC0-301F-11D3-BF4B-00C04F79EFBC}") = "Luxelot.Apps.FserveApp", "apps\Luxelot.Apps.FserveApp\Luxelot.Apps.FserveApp.csproj", "{569EA8EF-BB4A-4DC8-9523-16DCE0305279}"
EndProject
Project("{FAE04EC0-301F-11D3-BF4B-00C04F79EFBC}") = "Luxelot.Apps.DhtApp", "apps\Luxelot.Apps.DhtApp\Luxelot.Apps.DhtApp.csproj", "{B56E8A2E-D38A-427D-A255-0180D9569157}"
EndProject
Global
	GlobalSection(SolutionConfigurationPlatforms) = preSolution
		Debug|Any CPU = Debug|Any CPU
		Release|Any CPU = Release|Any CPU
	EndGlobalSection
	GlobalSection(ProjectConfigurationPlatforms) = postSolution
		{92BF8A87-6899-4C02-93E0-55FB65AEEC47}.Debug|Any CPU.ActiveCfg = Debug|Any CPU
		{92BF8A87-6899-4C02-93E0-55FB65AEEC47}.Debug|Any CPU.Build.0 = Debug|Any CPU
		{92BF8A87-6899-4C02-93E0-55FB65AEEC47}.Release|Any CPU.ActiveCfg = Release|Any CPU
		{92BF8A87-6899-4C02-93E0-55FB65AEEC47}.Release|Any CPU.Build.0 = Release|Any CPU
		{57A5E8BB-C1F4-4C22-8CB6-6B3642C90453}.Debug|Any CPU.ActiveCfg = Debug|Any CPU
		{57A5E8BB-C1F4-4C22-8CB6-6B3642C90453}.Debug|Any CPU.Build.0 = Debug|Any CPU
		{57A5E8BB-C1F4-4C22-8CB6-6B3642C90453}.Release|Any CPU.ActiveCfg = Release|Any CPU
		{57A5E8BB-C1F4-4C22-8CB6-6B3642C90453}.Release|Any CPU.Build.0 = Release|Any CPU
		{C75DDCC6-13F8-443C-A916-3E5EE5AB0793}.Debug|Any CPU.ActiveCfg = Debug|Any CPU
		{C75DDCC6-13F8-443C-A916-3E5EE5AB0793}.Debug|Any CPU.Build.0 = Debug|Any CPU
		{C75DDCC6-13F8-443C-A916-3E5EE5AB0793}.Release|Any CPU.ActiveCfg = Release|Any CPU
		{C75DDCC6-13F8-443C-A916-3E5EE5AB0793}.Release|Any CPU.Build.0 = Release|Any CPU
		{569EA8EF-BB4A-4DC8-9523-16DCE0305279}.Debug|Any CPU.ActiveCfg = Debug|Any CPU
		{569EA8EF-BB4A-4DC8-9523-16DCE0305279}.Debug|Any CPU.Build.0 = Debug|Any CPU
		{569EA8EF-BB4A-4DC8-9523-16DCE0305279}.Release|Any CPU.ActiveCfg = Release|Any CPU
		{569EA8EF-BB4A-4DC8-9523-16DCE0305279}.Release|Any CPU.Build.0 = Release|Any CPU
		{B56E8A2E-D38A-427D-A255-0180D9569157}.Debug|Any CPU.ActiveCfg = Debug|Any CPU
		{B56E8A2E-D38A-427D-A255-0180D9569157}.Debug|Any CPU.Build.0 = Debug|Any CPU
		{B56E8A2E-D38A-427D-A255-0180D9569157}.Release|Any CPU.ActiveCfg = Release|Any CPU
		{B56E8A2E-D38A-427D-A255-0180D9569157}.Release|Any CPU.Build.0 = Release|Any CPU
	EndGlobalSection
	GlobalSection(SolutionProperties) = preSolution
		HideSolutionNode = FALSE
	EndGlobalSection
	GlobalSection(ExtensibilityGlobals) = postSolution
		SolutionGuid = {3D44A309-648D-4238-B91F-6A517ECBE8B3}
	EndGlobalSection
	GlobalSection(NestedProjects) = preSolution
		{C75DDCC6-13F8-443C-A916-3E5EE5AB0793} = {936A2D51-C47A-48DD-A88D-E5EF9C0E102E}
		{569EA8EF-BB4A-4DC8-9523-16DCE0305279} = {936A2D51-C47A-48DD-A88D-E5EF9C0E102E}
		{B56E8A2E-D38A-427D-A255-0180D9569157} = {936A2D51-C47A-48DD-A88D-E5EF9C0E102E}
	EndGlobalSection
EndGlobal
